
Microsoft Visual Studio Solution File, Format Version 12.00
# Visual Studio 2013
VisualStudioVersion = 12.0.21005.1
MinimumVisualStudioVersion = 10.0.40219.1
Project("{FAE04EC0-301F-11D3-BF4B-00C04F79EFBC}") = "WindowsFormsApplication2", "WindowsFormsApplication2\WindowsFormsApplication2.csproj", "{64608E98-D497-4A85-8CBA-5CFBF2AE81BB}"
EndProject
Project("{FAE04EC0-301F-11D3-BF4B-00C04F79EFBC}") = "WindowsFormsApplication1", "WindowsFormsApplication1\WindowsFormsApplication1.csproj", "{4689E839-17E8-4EBA-B2AF-45289D985944}"
EndProject
Project("{FAE04EC0-301F-11D3-BF4B-00C04F79EFBC}") = "WindowsFormsApplication3", "WindowsFormsApplication3\WindowsFormsApplication3.csproj", "{FEA399E0-E624-4193-BAFC-2A1A1C144AE5}"
EndProject
Global
	GlobalSection(SolutionConfigurationPlatforms) = preSolution
		Debug|Any CPU = Debug|Any CPU
		Release|Any CPU = Release|Any CPU
	EndGlobalSection
	GlobalSection(ProjectConfigurationPlatforms) = postSolution
		{64608E98-D497-4A85-8CBA-5CFBF2AE81BB}.Debug|Any CPU.ActiveCfg = Debug|Any CPU
		{64608E98-D497-4A85-8CBA-5CFBF2AE81BB}.Debug|Any CPU.Build.0 = Debug|Any CPU
		{64608E98-D497-4A85-8CBA-5CFBF2AE81BB}.Release|Any CPU.ActiveCfg = Release|Any CPU
		{64608E98-D497-4A85-8CBA-5CFBF2AE81BB}.Release|Any CPU.Build.0 = Release|Any CPU
		{4689E839-17E8-4EBA-B2AF-45289D985944}.Debug|Any CPU.ActiveCfg = Debug|Any CPU
		{4689E839-17E8-4EBA-B2AF-45289D985944}.Debug|Any CPU.Build.0 = Debug|Any CPU
		{4689E839-17E8-4EBA-B2AF-45289D985944}.Release|Any CPU.ActiveCfg = Release|Any CPU
		{4689E839-17E8-4EBA-B2AF-45289D985944}.Release|Any CPU.Build.0 = Release|Any CPU
		{FEA399E0-E624-4193-BAFC-2A1A1C144AE5}.Debug|Any CPU.ActiveCfg = Debug|Any CPU
		{FEA399E0-E624-4193-BAFC-2A1A1C144AE5}.Debug|Any CPU.Build.0 = Debug|Any CPU
		{FEA399E0-E624-4193-BAFC-2A1A1C144AE5}.Release|Any CPU.ActiveCfg = Release|Any CPU
		{FEA399E0-E624-4193-BAFC-2A1A1C144AE5}.Release|Any CPU.Build.0 = Release|Any CPU
	EndGlobalSection
	GlobalSection(SolutionProperties) = preSolution
		HideSolutionNode = FALSE
	EndGlobalSection
EndGlobal
